// !$*UTF8*$!
{
	archiveVersion = 1;
	classes = {
	};
	objectVersion = 50;
	objects = {

/* Begin PBXBuildFile section */
		32E267E82424F6CF0093A451 /* AppDelegate.swift in Sources */ = {isa = PBXBuildFile; fileRef = 32E267E72424F6CF0093A451 /* AppDelegate.swift */; };
		32E267EA2424F6CF0093A451 /* SceneDelegate.swift in Sources */ = {isa = PBXBuildFile; fileRef = 32E267E92424F6CF0093A451 /* SceneDelegate.swift */; };
		32E267EC2424F6CF0093A451 /* ViewController.swift in Sources */ = {isa = PBXBuildFile; fileRef = 32E267EB2424F6CF0093A451 /* ViewController.swift */; };
		32E267EF2424F6CF0093A451 /* Main.storyboard in Resources */ = {isa = PBXBuildFile; fileRef = 32E267ED2424F6CF0093A451 /* Main.storyboard */; };
		32E267F12424F6D20093A451 /* Assets.xcassets in Resources */ = {isa = PBXBuildFile; fileRef = 32E267F02424F6D20093A451 /* Assets.xcassets */; };
		32E267F42424F6D20093A451 /* LaunchScreen.storyboard in Resources */ = {isa = PBXBuildFile; fileRef = 32E267F22424F6D20093A451 /* LaunchScreen.storyboard */; };
		32E267F92424F6D30093A451 /* HandsAlert WatchKit App.app in Embed Watch Content */ = {isa = PBXBuildFile; fileRef = 32E267F82424F6D30093A451 /* HandsAlert WatchKit App.app */; settings = {ATTRIBUTES = (RemoveHeadersOnCopy, ); }; };
		32E267FF2424F6D30093A451 /* Interface.storyboard in Resources */ = {isa = PBXBuildFile; fileRef = 32E267FD2424F6D30093A451 /* Interface.storyboard */; };
		32E268012424F6D30093A451 /* Assets.xcassets in Resources */ = {isa = PBXBuildFile; fileRef = 32E268002424F6D30093A451 /* Assets.xcassets */; };
		32E268082424F6D30093A451 /* HandsAlert WatchKit Extension.appex in Embed App Extensions */ = {isa = PBXBuildFile; fileRef = 32E268072424F6D30093A451 /* HandsAlert WatchKit Extension.appex */; settings = {ATTRIBUTES = (RemoveHeadersOnCopy, ); }; };
		32E2680D2424F6D40093A451 /* InterfaceController.swift in Sources */ = {isa = PBXBuildFile; fileRef = 32E2680C2424F6D40093A451 /* InterfaceController.swift */; };
		32E2680F2424F6D40093A451 /* ExtensionDelegate.swift in Sources */ = {isa = PBXBuildFile; fileRef = 32E2680E2424F6D40093A451 /* ExtensionDelegate.swift */; };
		32E268112424F6D40093A451 /* NotificationController.swift in Sources */ = {isa = PBXBuildFile; fileRef = 32E268102424F6D40093A451 /* NotificationController.swift */; };
		32E268132424F6D40093A451 /* Assets.xcassets in Resources */ = {isa = PBXBuildFile; fileRef = 32E268122424F6D40093A451 /* Assets.xcassets */; };
		32E2682624265DC80093A451 /* HealthKit.framework in Frameworks */ = {isa = PBXBuildFile; fileRef = 32E2682524265DC80093A451 /* HealthKit.framework */; };
		32E26837242902B40093A451 /* AccTupleBuffer.swift in Sources */ = {isa = PBXBuildFile; fileRef = 32E26836242902B40093A451 /* AccTupleBuffer.swift */; };
		32E26843242B81140093A451 /* HandsAlertActivityClassifier.mlmodel in Sources */ = {isa = PBXBuildFile; fileRef = 32E26842242B81140093A451 /* HandsAlertActivityClassifier.mlmodel */; };
/* End PBXBuildFile section */

/* Begin PBXContainerItemProxy section */
		32E267FA2424F6D30093A451 /* PBXContainerItemProxy */ = {
			isa = PBXContainerItemProxy;
			containerPortal = 32E267DC2424F6CF0093A451 /* Project object */;
			proxyType = 1;
			remoteGlobalIDString = 32E267F72424F6D30093A451;
			remoteInfo = "HandsAlert WatchKit App";
		};
		32E268092424F6D30093A451 /* PBXContainerItemProxy */ = {
			isa = PBXContainerItemProxy;
			containerPortal = 32E267DC2424F6CF0093A451 /* Project object */;
			proxyType = 1;
			remoteGlobalIDString = 32E268062424F6D30093A451;
			remoteInfo = "HandsAlert WatchKit Extension";
		};
/* End PBXContainerItemProxy section */

/* Begin PBXCopyFilesBuildPhase section */
		32E2681B2424F6D40093A451 /* Embed App Extensions */ = {
			isa = PBXCopyFilesBuildPhase;
			buildActionMask = 2147483647;
			dstPath = "";
			dstSubfolderSpec = 13;
			files = (
				32E268082424F6D30093A451 /* HandsAlert WatchKit Extension.appex in Embed App Extensions */,
			);
			name = "Embed App Extensions";
			runOnlyForDeploymentPostprocessing = 0;
		};
		32E2681F2424F6D40093A451 /* Embed Watch Content */ = {
			isa = PBXCopyFilesBuildPhase;
			buildActionMask = 2147483647;
			dstPath = "$(CONTENTS_FOLDER_PATH)/Watch";
			dstSubfolderSpec = 16;
			files = (
				32E267F92424F6D30093A451 /* HandsAlert WatchKit App.app in Embed Watch Content */,
			);
			name = "Embed Watch Content";
			runOnlyForDeploymentPostprocessing = 0;
		};
/* End PBXCopyFilesBuildPhase section */

/* Begin PBXFileReference section */
		32E267E42424F6CF0093A451 /* HandsAlert.app */ = {isa = PBXFileReference; explicitFileType = wrapper.application; includeInIndex = 0; path = HandsAlert.app; sourceTree = BUILT_PRODUCTS_DIR; };
		32E267E72424F6CF0093A451 /* AppDelegate.swift */ = {isa = PBXFileReference; lastKnownFileType = sourcecode.swift; path = AppDelegate.swift; sourceTree = "<group>"; };
		32E267E92424F6CF0093A451 /* SceneDelegate.swift */ = {isa = PBXFileReference; lastKnownFileType = sourcecode.swift; path = SceneDelegate.swift; sourceTree = "<group>"; };
		32E267EB2424F6CF0093A451 /* ViewController.swift */ = {isa = PBXFileReference; lastKnownFileType = sourcecode.swift; path = ViewController.swift; sourceTree = "<group>"; };
		32E267EE2424F6CF0093A451 /* Base */ = {isa = PBXFileReference; lastKnownFileType = file.storyboard; name = Base; path = Base.lproj/Main.storyboard; sourceTree = "<group>"; };
		32E267F02424F6D20093A451 /* Assets.xcassets */ = {isa = PBXFileReference; lastKnownFileType = folder.assetcatalog; path = Assets.xcassets; sourceTree = "<group>"; };
		32E267F32424F6D20093A451 /* Base */ = {isa = PBXFileReference; lastKnownFileType = file.storyboard; name = Base; path = Base.lproj/LaunchScreen.storyboard; sourceTree = "<group>"; };
		32E267F52424F6D20093A451 /* Info.plist */ = {isa = PBXFileReference; lastKnownFileType = text.plist.xml; path = Info.plist; sourceTree = "<group>"; };
		32E267F82424F6D30093A451 /* HandsAlert WatchKit App.app */ = {isa = PBXFileReference; explicitFileType = wrapper.application; includeInIndex = 0; path = "HandsAlert WatchKit App.app"; sourceTree = BUILT_PRODUCTS_DIR; };
		32E267FE2424F6D30093A451 /* Base */ = {isa = PBXFileReference; lastKnownFileType = file.storyboard; name = Base; path = Base.lproj/Interface.storyboard; sourceTree = "<group>"; };
		32E268002424F6D30093A451 /* Assets.xcassets */ = {isa = PBXFileReference; lastKnownFileType = folder.assetcatalog; path = Assets.xcassets; sourceTree = "<group>"; };
		32E268022424F6D30093A451 /* Info.plist */ = {isa = PBXFileReference; lastKnownFileType = text.plist.xml; path = Info.plist; sourceTree = "<group>"; };
		32E268072424F6D30093A451 /* HandsAlert WatchKit Extension.appex */ = {isa = PBXFileReference; explicitFileType = "wrapper.app-extension"; includeInIndex = 0; path = "HandsAlert WatchKit Extension.appex"; sourceTree = BUILT_PRODUCTS_DIR; };
		32E2680C2424F6D40093A451 /* InterfaceController.swift */ = {isa = PBXFileReference; lastKnownFileType = sourcecode.swift; path = InterfaceController.swift; sourceTree = "<group>"; };
		32E2680E2424F6D40093A451 /* ExtensionDelegate.swift */ = {isa = PBXFileReference; lastKnownFileType = sourcecode.swift; path = ExtensionDelegate.swift; sourceTree = "<group>"; };
		32E268102424F6D40093A451 /* NotificationController.swift */ = {isa = PBXFileReference; lastKnownFileType = sourcecode.swift; path = NotificationController.swift; sourceTree = "<group>"; };
		32E268122424F6D40093A451 /* Assets.xcassets */ = {isa = PBXFileReference; lastKnownFileType = folder.assetcatalog; path = Assets.xcassets; sourceTree = "<group>"; };
		32E268142424F6D40093A451 /* Info.plist */ = {isa = PBXFileReference; lastKnownFileType = text.plist.xml; path = Info.plist; sourceTree = "<group>"; };
		32E268152424F6D40093A451 /* PushNotificationPayload.apns */ = {isa = PBXFileReference; lastKnownFileType = text; path = PushNotificationPayload.apns; sourceTree = "<group>"; };
		32E2682324265DC80093A451 /* HandsAlert WatchKit Extension.entitlements */ = {isa = PBXFileReference; lastKnownFileType = text.plist.entitlements; path = "HandsAlert WatchKit Extension.entitlements"; sourceTree = "<group>"; };
		32E2682524265DC80093A451 /* HealthKit.framework */ = {isa = PBXFileReference; lastKnownFileType = wrapper.framework; name = HealthKit.framework; path = Platforms/WatchOS.platform/Developer/SDKs/WatchOS6.1.sdk/System/Library/Frameworks/HealthKit.framework; sourceTree = DEVELOPER_DIR; };
		32E26836242902B40093A451 /* AccTupleBuffer.swift */ = {isa = PBXFileReference; lastKnownFileType = sourcecode.swift; path = AccTupleBuffer.swift; sourceTree = "<group>"; };
		32E26842242B81140093A451 /* HandsAlertActivityClassifier.mlmodel */ = {isa = PBXFileReference; lastKnownFileType = file.mlmodel; name = HandsAlertActivityClassifier.mlmodel; path = ../turi2/HandsAlertActivityClassifier.mlmodel; sourceTree = "<group>"; };
/* End PBXFileReference section */

/* Begin PBXFrameworksBuildPhase section */
		32E267E12424F6CF0093A451 /* Frameworks */ = {
			isa = PBXFrameworksBuildPhase;
			buildActionMask = 2147483647;
			files = (
			);
			runOnlyForDeploymentPostprocessing = 0;
		};
		32E268042424F6D30093A451 /* Frameworks */ = {
			isa = PBXFrameworksBuildPhase;
			buildActionMask = 2147483647;
			files = (
				32E2682624265DC80093A451 /* HealthKit.framework in Frameworks */,
			);
			runOnlyForDeploymentPostprocessing = 0;
		};
/* End PBXFrameworksBuildPhase section */

/* Begin PBXGroup section */
		32E267DB2424F6CF0093A451 = {
			isa = PBXGroup;
			children = (
				32E267E62424F6CF0093A451 /* HandsAlert */,
				32E267FC2424F6D30093A451 /* HandsAlert WatchKit App */,
				32E2680B2424F6D40093A451 /* HandsAlert WatchKit Extension */,
				32E267E52424F6CF0093A451 /* Products */,
				32E2682424265DC80093A451 /* Frameworks */,
			);
			sourceTree = "<group>";
		};
		32E267E52424F6CF0093A451 /* Products */ = {
			isa = PBXGroup;
			children = (
				32E267E42424F6CF0093A451 /* HandsAlert.app */,
				32E267F82424F6D30093A451 /* HandsAlert WatchKit App.app */,
				32E268072424F6D30093A451 /* HandsAlert WatchKit Extension.appex */,
			);
			name = Products;
			sourceTree = "<group>";
		};
		32E267E62424F6CF0093A451 /* HandsAlert */ = {
			isa = PBXGroup;
			children = (
				32E267E72424F6CF0093A451 /* AppDelegate.swift */,
				32E267E92424F6CF0093A451 /* SceneDelegate.swift */,
				32E267EB2424F6CF0093A451 /* ViewController.swift */,
				32E267ED2424F6CF0093A451 /* Main.storyboard */,
				32E267F02424F6D20093A451 /* Assets.xcassets */,
				32E267F22424F6D20093A451 /* LaunchScreen.storyboard */,
				32E267F52424F6D20093A451 /* Info.plist */,
			);
			path = HandsAlert;
			sourceTree = "<group>";
		};
		32E267FC2424F6D30093A451 /* HandsAlert WatchKit App */ = {
			isa = PBXGroup;
			children = (
				32E267FD2424F6D30093A451 /* Interface.storyboard */,
				32E268002424F6D30093A451 /* Assets.xcassets */,
				32E268022424F6D30093A451 /* Info.plist */,
			);
			path = "HandsAlert WatchKit App";
			sourceTree = "<group>";
		};
		32E2680B2424F6D40093A451 /* HandsAlert WatchKit Extension */ = {
			isa = PBXGroup;
			children = (
				32E2682324265DC80093A451 /* HandsAlert WatchKit Extension.entitlements */,
				32E2680C2424F6D40093A451 /* InterfaceController.swift */,
				32E2680E2424F6D40093A451 /* ExtensionDelegate.swift */,
				32E268102424F6D40093A451 /* NotificationController.swift */,
				32E268122424F6D40093A451 /* Assets.xcassets */,
				32E268142424F6D40093A451 /* Info.plist */,
				32E268152424F6D40093A451 /* PushNotificationPayload.apns */,
				32E26836242902B40093A451 /* AccTupleBuffer.swift */,
			);
			path = "HandsAlert WatchKit Extension";
			sourceTree = "<group>";
		};
		32E2682424265DC80093A451 /* Frameworks */ = {
			isa = PBXGroup;
			children = (
				32E26842242B81140093A451 /* HandsAlertActivityClassifier.mlmodel */,
				32E2682524265DC80093A451 /* HealthKit.framework */,
			);
			name = Frameworks;
			sourceTree = "<group>";
		};
/* End PBXGroup section */

/* Begin PBXNativeTarget section */
		32E267E32424F6CF0093A451 /* HandsAlert */ = {
			isa = PBXNativeTarget;
			buildConfigurationList = 32E268202424F6D40093A451 /* Build configuration list for PBXNativeTarget "HandsAlert" */;
			buildPhases = (
				32E267E02424F6CF0093A451 /* Sources */,
				32E267E12424F6CF0093A451 /* Frameworks */,
				32E267E22424F6CF0093A451 /* Resources */,
				32E2681F2424F6D40093A451 /* Embed Watch Content */,
			);
			buildRules = (
			);
			dependencies = (
				32E267FB2424F6D30093A451 /* PBXTargetDependency */,
			);
			name = HandsAlert;
			productName = HandsAlert;
			productReference = 32E267E42424F6CF0093A451 /* HandsAlert.app */;
			productType = "com.apple.product-type.application";
		};
		32E267F72424F6D30093A451 /* HandsAlert WatchKit App */ = {
			isa = PBXNativeTarget;
			buildConfigurationList = 32E2681C2424F6D40093A451 /* Build configuration list for PBXNativeTarget "HandsAlert WatchKit App" */;
			buildPhases = (
				32E267F62424F6D30093A451 /* Resources */,
				32E2681B2424F6D40093A451 /* Embed App Extensions */,
			);
			buildRules = (
			);
			dependencies = (
				32E2680A2424F6D30093A451 /* PBXTargetDependency */,
			);
			name = "HandsAlert WatchKit App";
			productName = "HandsAlert WatchKit App";
			productReference = 32E267F82424F6D30093A451 /* HandsAlert WatchKit App.app */;
			productType = "com.apple.product-type.application.watchapp2";
		};
		32E268062424F6D30093A451 /* HandsAlert WatchKit Extension */ = {
			isa = PBXNativeTarget;
			buildConfigurationList = 32E268182424F6D40093A451 /* Build configuration list for PBXNativeTarget "HandsAlert WatchKit Extension" */;
			buildPhases = (
				32E268032424F6D30093A451 /* Sources */,
				32E268042424F6D30093A451 /* Frameworks */,
				32E268052424F6D30093A451 /* Resources */,
			);
			buildRules = (
			);
			dependencies = (
			);
			name = "HandsAlert WatchKit Extension";
			productName = "HandsAlert WatchKit Extension";
			productReference = 32E268072424F6D30093A451 /* HandsAlert WatchKit Extension.appex */;
			productType = "com.apple.product-type.watchkit2-extension";
		};
/* End PBXNativeTarget section */

/* Begin PBXProject section */
		32E267DC2424F6CF0093A451 /* Project object */ = {
			isa = PBXProject;
			attributes = {
				LastSwiftUpdateCheck = 1130;
				LastUpgradeCheck = 1130;
				ORGANIZATIONNAME = "Denis Mikaya";
				TargetAttributes = {
					32E267E32424F6CF0093A451 = {
						CreatedOnToolsVersion = 11.3.1;
					};
					32E267F72424F6D30093A451 = {
						CreatedOnToolsVersion = 11.3.1;
					};
					32E268062424F6D30093A451 = {
						CreatedOnToolsVersion = 11.3.1;
					};
				};
			};
			buildConfigurationList = 32E267DF2424F6CF0093A451 /* Build configuration list for PBXProject "HandsAlert" */;
			compatibilityVersion = "Xcode 9.3";
			developmentRegion = en;
			hasScannedForEncodings = 0;
			knownRegions = (
				en,
				Base,
			);
			mainGroup = 32E267DB2424F6CF0093A451;
			productRefGroup = 32E267E52424F6CF0093A451 /* Products */;
			projectDirPath = "";
			projectRoot = "";
			targets = (
				32E267E32424F6CF0093A451 /* HandsAlert */,
				32E267F72424F6D30093A451 /* HandsAlert WatchKit App */,
				32E268062424F6D30093A451 /* HandsAlert WatchKit Extension */,
			);
		};
/* End PBXProject section */

/* Begin PBXResourcesBuildPhase section */
		32E267E22424F6CF0093A451 /* Resources */ = {
			isa = PBXResourcesBuildPhase;
			buildActionMask = 2147483647;
			files = (
				32E267F42424F6D20093A451 /* LaunchScreen.storyboard in Resources */,
				32E267F12424F6D20093A451 /* Assets.xcassets in Resources */,
				32E267EF2424F6CF0093A451 /* Main.storyboard in Resources */,
			);
			runOnlyForDeploymentPostprocessing = 0;
		};
		32E267F62424F6D30093A451 /* Resources */ = {
			isa = PBXResourcesBuildPhase;
			buildActionMask = 2147483647;
			files = (
				32E268012424F6D30093A451 /* Assets.xcassets in Resources */,
				32E267FF2424F6D30093A451 /* Interface.storyboard in Resources */,
			);
			runOnlyForDeploymentPostprocessing = 0;
		};
		32E268052424F6D30093A451 /* Resources */ = {
			isa = PBXResourcesBuildPhase;
			buildActionMask = 2147483647;
			files = (
				32E268132424F6D40093A451 /* Assets.xcassets in Resources */,
			);
			runOnlyForDeploymentPostprocessing = 0;
		};
/* End PBXResourcesBuildPhase section */

/* Begin PBXSourcesBuildPhase section */
		32E267E02424F6CF0093A451 /* Sources */ = {
			isa = PBXSourcesBuildPhase;
			buildActionMask = 2147483647;
			files = (
				32E267EC2424F6CF0093A451 /* ViewController.swift in Sources */,
				32E267E82424F6CF0093A451 /* AppDelegate.swift in Sources */,
				32E267EA2424F6CF0093A451 /* SceneDelegate.swift in Sources */,
			);
			runOnlyForDeploymentPostprocessing = 0;
		};
		32E268032424F6D30093A451 /* Sources */ = {
			isa = PBXSourcesBuildPhase;
			buildActionMask = 2147483647;
			files = (
				32E268112424F6D40093A451 /* NotificationController.swift in Sources */,
				32E26837242902B40093A451 /* AccTupleBuffer.swift in Sources */,
				32E26843242B81140093A451 /* HandsAlertActivityClassifier.mlmodel in Sources */,
				32E2680F2424F6D40093A451 /* ExtensionDelegate.swift in Sources */,
				32E2680D2424F6D40093A451 /* InterfaceController.swift in Sources */,
			);
			runOnlyForDeploymentPostprocessing = 0;
		};
/* End PBXSourcesBuildPhase section */

/* Begin PBXTargetDependency section */
		32E267FB2424F6D30093A451 /* PBXTargetDependency */ = {
			isa = PBXTargetDependency;
			target = 32E267F72424F6D30093A451 /* HandsAlert WatchKit App */;
			targetProxy = 32E267FA2424F6D30093A451 /* PBXContainerItemProxy */;
		};
		32E2680A2424F6D30093A451 /* PBXTargetDependency */ = {
			isa = PBXTargetDependency;
			target = 32E268062424F6D30093A451 /* HandsAlert WatchKit Extension */;
			targetProxy = 32E268092424F6D30093A451 /* PBXContainerItemProxy */;
		};
/* End PBXTargetDependency section */

/* Begin PBXVariantGroup section */
		32E267ED2424F6CF0093A451 /* Main.storyboard */ = {
			isa = PBXVariantGroup;
			children = (
				32E267EE2424F6CF0093A451 /* Base */,
			);
			name = Main.storyboard;
			sourceTree = "<group>";
		};
		32E267F22424F6D20093A451 /* LaunchScreen.storyboard */ = {
			isa = PBXVariantGroup;
			children = (
				32E267F32424F6D20093A451 /* Base */,
			);
			name = LaunchScreen.storyboard;
			sourceTree = "<group>";
		};
		32E267FD2424F6D30093A451 /* Interface.storyboard */ = {
			isa = PBXVariantGroup;
			children = (
				32E267FE2424F6D30093A451 /* Base */,
			);
			name = Interface.storyboard;
			sourceTree = "<group>";
		};
/* End PBXVariantGroup section */

/* Begin XCBuildConfiguration section */
		32E268162424F6D40093A451 /* Debug */ = {
			isa = XCBuildConfiguration;
			buildSettings = {
				ALWAYS_SEARCH_USER_PATHS = NO;
				CLANG_ANALYZER_NONNULL = YES;
				CLANG_ANALYZER_NUMBER_OBJECT_CONVERSION = YES_AGGRESSIVE;
				CLANG_CXX_LANGUAGE_STANDARD = "gnu++14";
				CLANG_CXX_LIBRARY = "libc++";
				CLANG_ENABLE_MODULES = YES;
				CLANG_ENABLE_OBJC_ARC = YES;
				CLANG_ENABLE_OBJC_WEAK = YES;
				CLANG_WARN_BLOCK_CAPTURE_AUTORELEASING = YES;
				CLANG_WARN_BOOL_CONVERSION = YES;
				CLANG_WARN_COMMA = YES;
				CLANG_WARN_CONSTANT_CONVERSION = YES;
				CLANG_WARN_DEPRECATED_OBJC_IMPLEMENTATIONS = YES;
				CLANG_WARN_DIRECT_OBJC_ISA_USAGE = YES_ERROR;
				CLANG_WARN_DOCUMENTATION_COMMENTS = YES;
				CLANG_WARN_EMPTY_BODY = YES;
				CLANG_WARN_ENUM_CONVERSION = YES;
				CLANG_WARN_INFINITE_RECURSION = YES;
				CLANG_WARN_INT_CONVERSION = YES;
				CLANG_WARN_NON_LITERAL_NULL_CONVERSION = YES;
				CLANG_WARN_OBJC_IMPLICIT_RETAIN_SELF = YES;
				CLANG_WARN_OBJC_LITERAL_CONVERSION = YES;
				CLANG_WARN_OBJC_ROOT_CLASS = YES_ERROR;
				CLANG_WARN_RANGE_LOOP_ANALYSIS = YES;
				CLANG_WARN_STRICT_PROTOTYPES = YES;
				CLANG_WARN_SUSPICIOUS_MOVE = YES;
				CLANG_WARN_UNGUARDED_AVAILABILITY = YES_AGGRESSIVE;
				CLANG_WARN_UNREACHABLE_CODE = YES;
				CLANG_WARN__DUPLICATE_METHOD_MATCH = YES;
				COPY_PHASE_STRIP = NO;
				DEBUG_INFORMATION_FORMAT = dwarf;
				ENABLE_STRICT_OBJC_MSGSEND = YES;
				ENABLE_TESTABILITY = YES;
				GCC_C_LANGUAGE_STANDARD = gnu11;
				GCC_DYNAMIC_NO_PIC = NO;
				GCC_NO_COMMON_BLOCKS = YES;
				GCC_OPTIMIZATION_LEVEL = 0;
				GCC_PREPROCESSOR_DEFINITIONS = (
					"DEBUG=1",
					"$(inherited)",
				);
				GCC_WARN_64_TO_32_BIT_CONVERSION = YES;
				GCC_WARN_ABOUT_RETURN_TYPE = YES_ERROR;
				GCC_WARN_UNDECLARED_SELECTOR = YES;
				GCC_WARN_UNINITIALIZED_AUTOS = YES_AGGRESSIVE;
				GCC_WARN_UNUSED_FUNCTION = YES;
				GCC_WARN_UNUSED_VARIABLE = YES;
				IPHONEOS_DEPLOYMENT_TARGET = 13.2;
				MTL_ENABLE_DEBUG_INFO = INCLUDE_SOURCE;
				MTL_FAST_MATH = YES;
				ONLY_ACTIVE_ARCH = YES;
				SDKROOT = iphoneos;
				SWIFT_ACTIVE_COMPILATION_CONDITIONS = DEBUG;
				SWIFT_OPTIMIZATION_LEVEL = "-Onone";
			};
			name = Debug;
		};
		32E268172424F6D40093A451 /* Release */ = {
			isa = XCBuildConfiguration;
			buildSettings = {
				ALWAYS_SEARCH_USER_PATHS = NO;
				CLANG_ANALYZER_NONNULL = YES;
				CLANG_ANALYZER_NUMBER_OBJECT_CONVERSION = YES_AGGRESSIVE;
				CLANG_CXX_LANGUAGE_STANDARD = "gnu++14";
				CLANG_CXX_LIBRARY = "libc++";
				CLANG_ENABLE_MODULES = YES;
				CLANG_ENABLE_OBJC_ARC = YES;
				CLANG_ENABLE_OBJC_WEAK = YES;
				CLANG_WARN_BLOCK_CAPTURE_AUTORELEASING = YES;
				CLANG_WARN_BOOL_CONVERSION = YES;
				CLANG_WARN_COMMA = YES;
				CLANG_WARN_CONSTANT_CONVERSION = YES;
				CLANG_WARN_DEPRECATED_OBJC_IMPLEMENTATIONS = YES;
				CLANG_WARN_DIRECT_OBJC_ISA_USAGE = YES_ERROR;
				CLANG_WARN_DOCUMENTATION_COMMENTS = YES;
				CLANG_WARN_EMPTY_BODY = YES;
				CLANG_WARN_ENUM_CONVERSION = YES;
				CLANG_WARN_INFINITE_RECURSION = YES;
				CLANG_WARN_INT_CONVERSION = YES;
				CLANG_WARN_NON_LITERAL_NULL_CONVERSION = YES;
				CLANG_WARN_OBJC_IMPLICIT_RETAIN_SELF = YES;
				CLANG_WARN_OBJC_LITERAL_CONVERSION = YES;
				CLANG_WARN_OBJC_ROOT_CLASS = YES_ERROR;
				CLANG_WARN_RANGE_LOOP_ANALYSIS = YES;
				CLANG_WARN_STRICT_PROTOTYPES = YES;
				CLANG_WARN_SUSPICIOUS_MOVE = YES;
				CLANG_WARN_UNGUARDED_AVAILABILITY = YES_AGGRESSIVE;
				CLANG_WARN_UNREACHABLE_CODE = YES;
				CLANG_WARN__DUPLICATE_METHOD_MATCH = YES;
				COPY_PHASE_STRIP = NO;
				DEBUG_INFORMATION_FORMAT = "dwarf-with-dsym";
				ENABLE_NS_ASSERTIONS = NO;
				ENABLE_STRICT_OBJC_MSGSEND = YES;
				GCC_C_LANGUAGE_STANDARD = gnu11;
				GCC_NO_COMMON_BLOCKS = YES;
				GCC_WARN_64_TO_32_BIT_CONVERSION = YES;
				GCC_WARN_ABOUT_RETURN_TYPE = YES_ERROR;
				GCC_WARN_UNDECLARED_SELECTOR = YES;
				GCC_WARN_UNINITIALIZED_AUTOS = YES_AGGRESSIVE;
				GCC_WARN_UNUSED_FUNCTION = YES;
				GCC_WARN_UNUSED_VARIABLE = YES;
				IPHONEOS_DEPLOYMENT_TARGET = 13.2;
				MTL_ENABLE_DEBUG_INFO = NO;
				MTL_FAST_MATH = YES;
				SDKROOT = iphoneos;
				SWIFT_COMPILATION_MODE = wholemodule;
				SWIFT_OPTIMIZATION_LEVEL = "-O";
				VALIDATE_PRODUCT = YES;
			};
			name = Release;
		};
		32E268192424F6D40093A451 /* Debug */ = {
			isa = XCBuildConfiguration;
			buildSettings = {
				ASSETCATALOG_COMPILER_COMPLICATION_NAME = Complication;
				CODE_SIGN_ENTITLEMENTS = "HandsAlert WatchKit Extension/HandsAlert WatchKit Extension.entitlements";
				CODE_SIGN_STYLE = Automatic;
				DEVELOPMENT_TEAM = 5PMP974V72;
				INFOPLIST_FILE = "HandsAlert WatchKit Extension/Info.plist";
				LD_RUNPATH_SEARCH_PATHS = (
					"$(inherited)",
					"@executable_path/Frameworks",
					"@executable_path/../../Frameworks",
				);
				PRODUCT_BUNDLE_IDENTIFIER = com.mobico.HandsAlert.watchkitapp.watchkitextension;
				PRODUCT_NAME = "${TARGET_NAME}";
				SDKROOT = watchos;
				SKIP_INSTALL = YES;
				SWIFT_VERSION = 5.0;
				TARGETED_DEVICE_FAMILY = 4;
				WATCHOS_DEPLOYMENT_TARGET = 6.1;
			};
			name = Debug;
		};
		32E2681A2424F6D40093A451 /* Release */ = {
			isa = XCBuildConfiguration;
			buildSettings = {
				ASSETCATALOG_COMPILER_COMPLICATION_NAME = Complication;
				CODE_SIGN_ENTITLEMENTS = "HandsAlert WatchKit Extension/HandsAlert WatchKit Extension.entitlements";
				CODE_SIGN_STYLE = Automatic;
				DEVELOPMENT_TEAM = 5PMP974V72;
				INFOPLIST_FILE = "HandsAlert WatchKit Extension/Info.plist";
				LD_RUNPATH_SEARCH_PATHS = (
					"$(inherited)",
					"@executable_path/Frameworks",
					"@executable_path/../../Frameworks",
				);
				PRODUCT_BUNDLE_IDENTIFIER = com.mobico.HandsAlert.watchkitapp.watchkitextension;
				PRODUCT_NAME = "${TARGET_NAME}";
				SDKROOT = watchos;
				SKIP_INSTALL = YES;
				SWIFT_VERSION = 5.0;
				TARGETED_DEVICE_FAMILY = 4;
				WATCHOS_DEPLOYMENT_TARGET = 6.1;
			};
			name = Release;
		};
		32E2681D2424F6D40093A451 /* Debug */ = {
			isa = XCBuildConfiguration;
			buildSettings = {
				ALWAYS_EMBED_SWIFT_STANDARD_LIBRARIES = YES;
				ASSETCATALOG_COMPILER_APPICON_NAME = AppIcon;
				CODE_SIGN_STYLE = Automatic;
				DEVELOPMENT_TEAM = 5PMP974V72;
				IBSC_MODULE = HandsAlert_WatchKit_Extension;
				INFOPLIST_FILE = "HandsAlert WatchKit App/Info.plist";
				PRODUCT_BUNDLE_IDENTIFIER = com.mobico.HandsAlert.watchkitapp;
				PRODUCT_NAME = "$(TARGET_NAME)";
				SDKROOT = watchos;
				SKIP_INSTALL = YES;
				SWIFT_VERSION = 5.0;
				TARGETED_DEVICE_FAMILY = 4;
				WATCHOS_DEPLOYMENT_TARGET = 6.1;
			};
			name = Debug;
		};
		32E2681E2424F6D40093A451 /* Release */ = {
			isa = XCBuildConfiguration;
			buildSettings = {
				ALWAYS_EMBED_SWIFT_STANDARD_LIBRARIES = YES;
				ASSETCATALOG_COMPILER_APPICON_NAME = AppIcon;
				CODE_SIGN_STYLE = Automatic;
				DEVELOPMENT_TEAM = 5PMP974V72;
				IBSC_MODULE = HandsAlert_WatchKit_Extension;
				INFOPLIST_FILE = "HandsAlert WatchKit App/Info.plist";
				PRODUCT_BUNDLE_IDENTIFIER = com.mobico.HandsAlert.watchkitapp;
				PRODUCT_NAME = "$(TARGET_NAME)";
				SDKROOT = watchos;
				SKIP_INSTALL = YES;
				SWIFT_VERSION = 5.0;
				TARGETED_DEVICE_FAMILY = 4;
				WATCHOS_DEPLOYMENT_TARGET = 6.1;
			};
			name = Release;
		};
		32E268212424F6D40093A451 /* Debug */ = {
			isa = XCBuildConfiguration;
			buildSettings = {
				ASSETCATALOG_COMPILER_APPICON_NAME = AppIcon;
				CODE_SIGN_STYLE = Automatic;
				DEVELOPMENT_TEAM = 5PMP974V72;
				INFOPLIST_FILE = HandsAlert/Info.plist;
				LD_RUNPATH_SEARCH_PATHS = (
					"$(inherited)",
					"@executable_path/Frameworks",
				);
				PRODUCT_BUNDLE_IDENTIFIER = com.mobico.HandsAlert;
				PRODUCT_NAME = "$(TARGET_NAME)";
				SWIFT_VERSION = 5.0;
				TARGETED_DEVICE_FAMILY = 1;
			};
			name = Debug;
		};
		32E268222424F6D40093A451 /* Release */ = {
			isa = XCBuildConfiguration;
			buildSettings = {
				ASSETCATALOG_COMPILER_APPICON_NAME = AppIcon;
				CODE_SIGN_STYLE = Automatic;
				DEVELOPMENT_TEAM = 5PMP974V72;
				INFOPLIST_FILE = HandsAlert/Info.plist;
				LD_RUNPATH_SEARCH_PATHS = (
					"$(inherited)",
					"@executable_path/Frameworks",
				);
				PRODUCT_BUNDLE_IDENTIFIER = com.mobico.HandsAlert;
				PRODUCT_NAME = "$(TARGET_NAME)";
				SWIFT_VERSION = 5.0;
				TARGETED_DEVICE_FAMILY = 1;
			};
			name = Release;
		};
/* End XCBuildConfiguration section */

/* Begin XCConfigurationList section */
		32E267DF2424F6CF0093A451 /* Build configuration list for PBXProject "HandsAlert" */ = {
			isa = XCConfigurationList;
			buildConfigurations = (
				32E268162424F6D40093A451 /* Debug */,
				32E268172424F6D40093A451 /* Release */,
			);
			defaultConfigurationIsVisible = 0;
			defaultConfigurationName = Release;
		};
		32E268182424F6D40093A451 /* Build configuration list for PBXNativeTarget "HandsAlert WatchKit Extension" */ = {
			isa = XCConfigurationList;
			buildConfigurations = (
				32E268192424F6D40093A451 /* Debug */,
				32E2681A2424F6D40093A451 /* Release */,
			);
			defaultConfigurationIsVisible = 0;
			defaultConfigurationName = Release;
		};
		32E2681C2424F6D40093A451 /* Build configuration list for PBXNativeTarget "HandsAlert WatchKit App" */ = {
			isa = XCConfigurationList;
			buildConfigurations = (
				32E2681D2424F6D40093A451 /* Debug */,
				32E2681E2424F6D40093A451 /* Release */,
			);
			defaultConfigurationIsVisible = 0;
			defaultConfigurationName = Release;
		};
		32E268202424F6D40093A451 /* Build configuration list for PBXNativeTarget "HandsAlert" */ = {
			isa = XCConfigurationList;
			buildConfigurations = (
				32E268212424F6D40093A451 /* Debug */,
				32E268222424F6D40093A451 /* Release */,
			);
			defaultConfigurationIsVisible = 0;
			defaultConfigurationName = Release;
		};
/* End XCConfigurationList section */
	};
	rootObject = 32E267DC2424F6CF0093A451 /* Project object */;
}
